
Microsoft Visual Studio Solution File, Format Version 12.00
# Visual Studio Version 17
VisualStudioVersion = 17.2.32616.157
MinimumVisualStudioVersion = 10.0.40219.1
Project("{2150E333-8FDC-42A3-9474-1A3956D46DE8}") = "Gateway", "Gateway", "{39AD090E-29BF-4D99-8D6D-71F4F758620A}"
EndProject
Project("{2150E333-8FDC-42A3-9474-1A3956D46DE8}") = "UserService", "UserService", "{C5794B02-61BF-4A9D-8651-4E34D2002E47}"
EndProject
Project("{9A19103F-16F7-4668-BE54-9A1E7A4F7556}") = "UserService.API", "UserService.API\UserService.API.csproj", "{993C305A-7DD9-483D-94BB-273D95F33C75}"
EndProject
Project("{2150E333-8FDC-42A3-9474-1A3956D46DE8}") = "Services_CleanArchitecture", "Services_CleanArchitecture", "{C234BACE-7383-456B-8AE7-747AB5E83409}"
EndProject
Project("{2150E333-8FDC-42A3-9474-1A3956D46DE8}") = "CustomerService_Clean", "CustomerService_Clean", "{FAF7A828-933E-4DE9-BBA7-3DB2BF8E4D13}"
EndProject
Project("{9A19103F-16F7-4668-BE54-9A1E7A4F7556}") = "CustomerService.Application", "CustomerService.Application\CustomerService.Application.csproj", "{4C00DFFD-756D-4A72-8F0D-21A41F5DDEA0}"
EndProject
Project("{9A19103F-16F7-4668-BE54-9A1E7A4F7556}") = "CustomerService.Domain", "CustomerService.Domain\CustomerService.Domain.csproj", "{96164438-B66A-4ADB-8D9A-9EC43606D9DA}"
EndProject
Project("{9A19103F-16F7-4668-BE54-9A1E7A4F7556}") = "CustomerService.Infrastructure", "CustomerService.Infrastructure\CustomerService.Infrastructure.csproj", "{D4EF4CC1-7227-4B78-8F9B-6B8271118296}"
EndProject
Project("{9A19103F-16F7-4668-BE54-9A1E7A4F7556}") = "CustomerServiceClean.API", "CustomerServiceClean.API\CustomerServiceClean.API.csproj", "{844897DC-6EE5-4B92-8BD6-C677A1C8E573}"
EndProject
Project("{9A19103F-16F7-4668-BE54-9A1E7A4F7556}") = "UserService.Core", "UserService.Core\UserService.Core.csproj", "{9BABA526-D3E8-450D-A639-66BD2B774300}"
EndProject
Project("{9A19103F-16F7-4668-BE54-9A1E7A4F7556}") = "UserService.Infrastructure", "UserService.Infrastructure\UserService.Infrastructure.csproj", "{C13A38B9-4F75-494A-98A5-D6ADE3EF5F38}"
EndProject
Project("{9A19103F-16F7-4668-BE54-9A1E7A4F7556}") = "CustomerService.Consumer", "CustomerService.Consumer\CustomerService.Consumer.csproj", "{A250C33D-8CFC-4913-8925-1723A22EBBFE}"
EndProject
Project("{E53339B2-1760-4266-BCC7-CA923CBCF16C}") = "docker-compose", "docker-compose.dcproj", "{74EE49AA-A803-4C71-BC3D-E6239AB42335}"
EndProject
Project("{9A19103F-16F7-4668-BE54-9A1E7A4F7556}") = "Gateway", "Gateway\Gateway.csproj", "{13551411-4B71-4D70-9583-8FAE6AF9CA98}"
EndProject
Project("{FAE04EC0-301F-11D3-BF4B-00C04F79EFBC}") = "DocumentService.API", "DocumentService.API\DocumentService.API.csproj", "{BF4CE76E-57AE-4791-B967-3C2CD62AD231}"
EndProject
Project("{2150E333-8FDC-42A3-9474-1A3956D46DE8}") = "DocumentService", "DocumentService", "{46F312F4-558B-4B36-8E22-74211FE5CBE2}"
EndProject
Project("{FAE04EC0-301F-11D3-BF4B-00C04F79EFBC}") = "DocumentService.Core", "DocumentService.Core\DocumentService.Core.csproj", "{DBA44094-8D45-4576-B5EB-29999F83905D}"
EndProject
Project("{FAE04EC0-301F-11D3-BF4B-00C04F79EFBC}") = "DocumentService.Infrastructure", "DocumentService.Infrastructure\DocumentService.Infrastructure.csproj", "{7431E08E-6419-4486-A43E-194C111A95F6}"
EndProject
Project("{FAE04EC0-301F-11D3-BF4B-00C04F79EFBC}") = "GenericMongo", "GenericMongo\GenericMongo.csproj", "{7142BA7C-E048-45D3-B40B-A6EF4A6800C7}"
EndProject
Project("{FAE04EC0-301F-11D3-BF4B-00C04F79EFBC}") = "RedisSub", "RedisSub\RedisSub.csproj", "{5DF503C1-0A73-4467-BB39-E93172F97DAE}"
EndProject
Global
	GlobalSection(SolutionConfigurationPlatforms) = preSolution
		Debug|Any CPU = Debug|Any CPU
		Release|Any CPU = Release|Any CPU
	EndGlobalSection
	GlobalSection(ProjectConfigurationPlatforms) = postSolution
		{993C305A-7DD9-483D-94BB-273D95F33C75}.Debug|Any CPU.ActiveCfg = Debug|Any CPU
		{993C305A-7DD9-483D-94BB-273D95F33C75}.Debug|Any CPU.Build.0 = Debug|Any CPU
		{993C305A-7DD9-483D-94BB-273D95F33C75}.Release|Any CPU.ActiveCfg = Release|Any CPU
		{993C305A-7DD9-483D-94BB-273D95F33C75}.Release|Any CPU.Build.0 = Release|Any CPU
		{4C00DFFD-756D-4A72-8F0D-21A41F5DDEA0}.Debug|Any CPU.ActiveCfg = Debug|Any CPU
		{4C00DFFD-756D-4A72-8F0D-21A41F5DDEA0}.Debug|Any CPU.Build.0 = Debug|Any CPU
		{4C00DFFD-756D-4A72-8F0D-21A41F5DDEA0}.Release|Any CPU.ActiveCfg = Release|Any CPU
		{4C00DFFD-756D-4A72-8F0D-21A41F5DDEA0}.Release|Any CPU.Build.0 = Release|Any CPU
		{96164438-B66A-4ADB-8D9A-9EC43606D9DA}.Debug|Any CPU.ActiveCfg = Debug|Any CPU
		{96164438-B66A-4ADB-8D9A-9EC43606D9DA}.Debug|Any CPU.Build.0 = Debug|Any CPU
		{96164438-B66A-4ADB-8D9A-9EC43606D9DA}.Release|Any CPU.ActiveCfg = Release|Any CPU
		{96164438-B66A-4ADB-8D9A-9EC43606D9DA}.Release|Any CPU.Build.0 = Release|Any CPU
		{D4EF4CC1-7227-4B78-8F9B-6B8271118296}.Debug|Any CPU.ActiveCfg = Debug|Any CPU
		{D4EF4CC1-7227-4B78-8F9B-6B8271118296}.Debug|Any CPU.Build.0 = Debug|Any CPU
		{D4EF4CC1-7227-4B78-8F9B-6B8271118296}.Release|Any CPU.ActiveCfg = Release|Any CPU
		{D4EF4CC1-7227-4B78-8F9B-6B8271118296}.Release|Any CPU.Build.0 = Release|Any CPU
		{844897DC-6EE5-4B92-8BD6-C677A1C8E573}.Debug|Any CPU.ActiveCfg = Debug|Any CPU
		{844897DC-6EE5-4B92-8BD6-C677A1C8E573}.Debug|Any CPU.Build.0 = Debug|Any CPU
		{844897DC-6EE5-4B92-8BD6-C677A1C8E573}.Release|Any CPU.ActiveCfg = Release|Any CPU
		{844897DC-6EE5-4B92-8BD6-C677A1C8E573}.Release|Any CPU.Build.0 = Release|Any CPU
		{9BABA526-D3E8-450D-A639-66BD2B774300}.Debug|Any CPU.ActiveCfg = Debug|Any CPU
		{9BABA526-D3E8-450D-A639-66BD2B774300}.Debug|Any CPU.Build.0 = Debug|Any CPU
		{9BABA526-D3E8-450D-A639-66BD2B774300}.Release|Any CPU.ActiveCfg = Release|Any CPU
		{9BABA526-D3E8-450D-A639-66BD2B774300}.Release|Any CPU.Build.0 = Release|Any CPU
		{C13A38B9-4F75-494A-98A5-D6ADE3EF5F38}.Debug|Any CPU.ActiveCfg = Debug|Any CPU
		{C13A38B9-4F75-494A-98A5-D6ADE3EF5F38}.Debug|Any CPU.Build.0 = Debug|Any CPU
		{C13A38B9-4F75-494A-98A5-D6ADE3EF5F38}.Release|Any CPU.ActiveCfg = Release|Any CPU
		{C13A38B9-4F75-494A-98A5-D6ADE3EF5F38}.Release|Any CPU.Build.0 = Release|Any CPU
		{A250C33D-8CFC-4913-8925-1723A22EBBFE}.Debug|Any CPU.ActiveCfg = Debug|Any CPU
		{A250C33D-8CFC-4913-8925-1723A22EBBFE}.Debug|Any CPU.Build.0 = Debug|Any CPU
		{A250C33D-8CFC-4913-8925-1723A22EBBFE}.Release|Any CPU.ActiveCfg = Release|Any CPU
		{A250C33D-8CFC-4913-8925-1723A22EBBFE}.Release|Any CPU.Build.0 = Release|Any CPU
		{74EE49AA-A803-4C71-BC3D-E6239AB42335}.Debug|Any CPU.ActiveCfg = Debug|Any CPU
		{74EE49AA-A803-4C71-BC3D-E6239AB42335}.Debug|Any CPU.Build.0 = Debug|Any CPU
		{74EE49AA-A803-4C71-BC3D-E6239AB42335}.Release|Any CPU.ActiveCfg = Release|Any CPU
		{74EE49AA-A803-4C71-BC3D-E6239AB42335}.Release|Any CPU.Build.0 = Release|Any CPU
		{13551411-4B71-4D70-9583-8FAE6AF9CA98}.Debug|Any CPU.ActiveCfg = Debug|Any CPU
		{13551411-4B71-4D70-9583-8FAE6AF9CA98}.Debug|Any CPU.Build.0 = Debug|Any CPU
		{13551411-4B71-4D70-9583-8FAE6AF9CA98}.Release|Any CPU.ActiveCfg = Release|Any CPU
		{13551411-4B71-4D70-9583-8FAE6AF9CA98}.Release|Any CPU.Build.0 = Release|Any CPU
		{BF4CE76E-57AE-4791-B967-3C2CD62AD231}.Debug|Any CPU.ActiveCfg = Debug|Any CPU
		{BF4CE76E-57AE-4791-B967-3C2CD62AD231}.Debug|Any CPU.Build.0 = Debug|Any CPU
		{BF4CE76E-57AE-4791-B967-3C2CD62AD231}.Release|Any CPU.ActiveCfg = Release|Any CPU
		{BF4CE76E-57AE-4791-B967-3C2CD62AD231}.Release|Any CPU.Build.0 = Release|Any CPU
		{DBA44094-8D45-4576-B5EB-29999F83905D}.Debug|Any CPU.ActiveCfg = Debug|Any CPU
		{DBA44094-8D45-4576-B5EB-29999F83905D}.Debug|Any CPU.Build.0 = Debug|Any CPU
		{DBA44094-8D45-4576-B5EB-29999F83905D}.Release|Any CPU.ActiveCfg = Release|Any CPU
		{DBA44094-8D45-4576-B5EB-29999F83905D}.Release|Any CPU.Build.0 = Release|Any CPU
		{7431E08E-6419-4486-A43E-194C111A95F6}.Debug|Any CPU.ActiveCfg = Debug|Any CPU
		{7431E08E-6419-4486-A43E-194C111A95F6}.Debug|Any CPU.Build.0 = Debug|Any CPU
		{7431E08E-6419-4486-A43E-194C111A95F6}.Release|Any CPU.ActiveCfg = Release|Any CPU
		{7431E08E-6419-4486-A43E-194C111A95F6}.Release|Any CPU.Build.0 = Release|Any CPU
		{7142BA7C-E048-45D3-B40B-A6EF4A6800C7}.Debug|Any CPU.ActiveCfg = Debug|Any CPU
		{7142BA7C-E048-45D3-B40B-A6EF4A6800C7}.Debug|Any CPU.Build.0 = Debug|Any CPU
		{7142BA7C-E048-45D3-B40B-A6EF4A6800C7}.Release|Any CPU.ActiveCfg = Release|Any CPU
		{7142BA7C-E048-45D3-B40B-A6EF4A6800C7}.Release|Any CPU.Build.0 = Release|Any CPU
		{5DF503C1-0A73-4467-BB39-E93172F97DAE}.Debug|Any CPU.ActiveCfg = Debug|Any CPU
		{5DF503C1-0A73-4467-BB39-E93172F97DAE}.Debug|Any CPU.Build.0 = Debug|Any CPU
		{5DF503C1-0A73-4467-BB39-E93172F97DAE}.Release|Any CPU.ActiveCfg = Release|Any CPU
		{5DF503C1-0A73-4467-BB39-E93172F97DAE}.Release|Any CPU.Build.0 = Release|Any CPU
	EndGlobalSection
	GlobalSection(SolutionProperties) = preSolution
		HideSolutionNode = FALSE
	EndGlobalSection
	GlobalSection(NestedProjects) = preSolution
		{39AD090E-29BF-4D99-8D6D-71F4F758620A} = {C234BACE-7383-456B-8AE7-747AB5E83409}
		{C5794B02-61BF-4A9D-8651-4E34D2002E47} = {C234BACE-7383-456B-8AE7-747AB5E83409}
		{993C305A-7DD9-483D-94BB-273D95F33C75} = {C5794B02-61BF-4A9D-8651-4E34D2002E47}
		{FAF7A828-933E-4DE9-BBA7-3DB2BF8E4D13} = {C234BACE-7383-456B-8AE7-747AB5E83409}
		{4C00DFFD-756D-4A72-8F0D-21A41F5DDEA0} = {FAF7A828-933E-4DE9-BBA7-3DB2BF8E4D13}
		{96164438-B66A-4ADB-8D9A-9EC43606D9DA} = {FAF7A828-933E-4DE9-BBA7-3DB2BF8E4D13}
		{D4EF4CC1-7227-4B78-8F9B-6B8271118296} = {FAF7A828-933E-4DE9-BBA7-3DB2BF8E4D13}
		{844897DC-6EE5-4B92-8BD6-C677A1C8E573} = {FAF7A828-933E-4DE9-BBA7-3DB2BF8E4D13}
		{9BABA526-D3E8-450D-A639-66BD2B774300} = {C5794B02-61BF-4A9D-8651-4E34D2002E47}
		{C13A38B9-4F75-494A-98A5-D6ADE3EF5F38} = {C5794B02-61BF-4A9D-8651-4E34D2002E47}
		{A250C33D-8CFC-4913-8925-1723A22EBBFE} = {FAF7A828-933E-4DE9-BBA7-3DB2BF8E4D13}
		{13551411-4B71-4D70-9583-8FAE6AF9CA98} = {39AD090E-29BF-4D99-8D6D-71F4F758620A}
		{46F312F4-558B-4B36-8E22-74211FE5CBE2} = {C234BACE-7383-456B-8AE7-747AB5E83409}
		{BF4CE76E-57AE-4791-B967-3C2CD62AD231} = {46F312F4-558B-4B36-8E22-74211FE5CBE2}
		{DBA44094-8D45-4576-B5EB-29999F83905D} = {46F312F4-558B-4B36-8E22-74211FE5CBE2}
		{7431E08E-6419-4486-A43E-194C111A95F6} = {46F312F4-558B-4B36-8E22-74211FE5CBE2}
		{7142BA7C-E048-45D3-B40B-A6EF4A6800C7} = {C234BACE-7383-456B-8AE7-747AB5E83409}
		{5DF503C1-0A73-4467-BB39-E93172F97DAE} = {FAF7A828-933E-4DE9-BBA7-3DB2BF8E4D13}
	EndGlobalSection
	GlobalSection(ExtensibilityGlobals) = postSolution
		SolutionGuid = {AA6A2F4E-F6BE-40A2-90B0-589E190ED2CB}
	EndGlobalSection
EndGlobal
