
Microsoft Visual Studio Solution File, Format Version 12.00
Project("{2150E333-8FDC-42A3-9474-1A3956D46DE8}") = "Services", "Services", "{F4142CA2-B8DA-401B-97DA-A7278B346CF9}"
EndProject
Project("{2150E333-8FDC-42A3-9474-1A3956D46DE8}") = "CustomerService", "CustomerService", "{8E989027-868B-49E2-99C6-C986965B53D4}"
EndProject
Project("{FAE04EC0-301F-11D3-BF4B-00C04F79EFBC}") = "CustomerService.API", "CustomerService.API\CustomerService.API.csproj", "{30F5D8EB-93C9-4939-B952-D2941B86E53F}"
EndProject
Project("{FAE04EC0-301F-11D3-BF4B-00C04F79EFBC}") = "CustomerService.Entity", "CustomerService.Entity\CustomerService.Entity.csproj", "{EB93257C-15FF-45FA-B632-A8EDFDB3C3E6}"
EndProject
Project("{FAE04EC0-301F-11D3-BF4B-00C04F79EFBC}") = "CustomerService.Data", "CustomerService.Data\CustomerService.Data.csproj", "{C9D091FA-ADDD-41ED-84E5-330B9C4E6071}"
EndProject
Project("{FAE04EC0-301F-11D3-BF4B-00C04F79EFBC}") = "CustomerService.Repository", "CustomerService.Repository\CustomerService.Repository.csproj", "{F5181796-7A91-4952-8255-6FD52576E113}"
EndProject
Project("{FAE04EC0-301F-11D3-BF4B-00C04F79EFBC}") = "CustomerService.Common", "CustomerService.Common\CustomerService.Common.csproj", "{3F21E238-3E4F-4B35-934A-A3819F3C0377}"
EndProject
Project("{FAE04EC0-301F-11D3-BF4B-00C04F79EFBC}") = "CustomerService.Logger", "CustomerService.Logger\CustomerService.Logger.csproj", "{A66D1204-1E63-411C-B865-66A64FE67825}"
EndProject
Project("{FAE04EC0-301F-11D3-BF4B-00C04F79EFBC}") = "CustomerService.Core", "CustomerService.Core\CustomerService.Core.csproj", "{F8E782D5-EE9A-49FB-9E72-4548133DF989}"
EndProject
Global
	GlobalSection(SolutionConfigurationPlatforms) = preSolution
		Debug|Any CPU = Debug|Any CPU
		Release|Any CPU = Release|Any CPU
	EndGlobalSection
	GlobalSection(NestedProjects) = preSolution
		{8E989027-868B-49E2-99C6-C986965B53D4} = {F4142CA2-B8DA-401B-97DA-A7278B346CF9}
		{30F5D8EB-93C9-4939-B952-D2941B86E53F} = {8E989027-868B-49E2-99C6-C986965B53D4}
		{EB93257C-15FF-45FA-B632-A8EDFDB3C3E6} = {8E989027-868B-49E2-99C6-C986965B53D4}
		{C9D091FA-ADDD-41ED-84E5-330B9C4E6071} = {8E989027-868B-49E2-99C6-C986965B53D4}
		{F5181796-7A91-4952-8255-6FD52576E113} = {8E989027-868B-49E2-99C6-C986965B53D4}
		{3F21E238-3E4F-4B35-934A-A3819F3C0377} = {8E989027-868B-49E2-99C6-C986965B53D4}
		{A66D1204-1E63-411C-B865-66A64FE67825} = {8E989027-868B-49E2-99C6-C986965B53D4}
		{F8E782D5-EE9A-49FB-9E72-4548133DF989} = {8E989027-868B-49E2-99C6-C986965B53D4}
	EndGlobalSection
	GlobalSection(ProjectConfigurationPlatforms) = postSolution
		{30F5D8EB-93C9-4939-B952-D2941B86E53F}.Debug|Any CPU.ActiveCfg = Debug|Any CPU
		{30F5D8EB-93C9-4939-B952-D2941B86E53F}.Debug|Any CPU.Build.0 = Debug|Any CPU
		{30F5D8EB-93C9-4939-B952-D2941B86E53F}.Release|Any CPU.ActiveCfg = Release|Any CPU
		{30F5D8EB-93C9-4939-B952-D2941B86E53F}.Release|Any CPU.Build.0 = Release|Any CPU
		{EB93257C-15FF-45FA-B632-A8EDFDB3C3E6}.Debug|Any CPU.ActiveCfg = Debug|Any CPU
		{EB93257C-15FF-45FA-B632-A8EDFDB3C3E6}.Debug|Any CPU.Build.0 = Debug|Any CPU
		{EB93257C-15FF-45FA-B632-A8EDFDB3C3E6}.Release|Any CPU.ActiveCfg = Release|Any CPU
		{EB93257C-15FF-45FA-B632-A8EDFDB3C3E6}.Release|Any CPU.Build.0 = Release|Any CPU
		{C9D091FA-ADDD-41ED-84E5-330B9C4E6071}.Debug|Any CPU.ActiveCfg = Debug|Any CPU
		{C9D091FA-ADDD-41ED-84E5-330B9C4E6071}.Debug|Any CPU.Build.0 = Debug|Any CPU
		{C9D091FA-ADDD-41ED-84E5-330B9C4E6071}.Release|Any CPU.ActiveCfg = Release|Any CPU
		{C9D091FA-ADDD-41ED-84E5-330B9C4E6071}.Release|Any CPU.Build.0 = Release|Any CPU
		{F5181796-7A91-4952-8255-6FD52576E113}.Debug|Any CPU.ActiveCfg = Debug|Any CPU
		{F5181796-7A91-4952-8255-6FD52576E113}.Debug|Any CPU.Build.0 = Debug|Any CPU
		{F5181796-7A91-4952-8255-6FD52576E113}.Release|Any CPU.ActiveCfg = Release|Any CPU
		{F5181796-7A91-4952-8255-6FD52576E113}.Release|Any CPU.Build.0 = Release|Any CPU
		{3F21E238-3E4F-4B35-934A-A3819F3C0377}.Debug|Any CPU.ActiveCfg = Debug|Any CPU
		{3F21E238-3E4F-4B35-934A-A3819F3C0377}.Debug|Any CPU.Build.0 = Debug|Any CPU
		{3F21E238-3E4F-4B35-934A-A3819F3C0377}.Release|Any CPU.ActiveCfg = Release|Any CPU
		{3F21E238-3E4F-4B35-934A-A3819F3C0377}.Release|Any CPU.Build.0 = Release|Any CPU
		{A66D1204-1E63-411C-B865-66A64FE67825}.Debug|Any CPU.ActiveCfg = Debug|Any CPU
		{A66D1204-1E63-411C-B865-66A64FE67825}.Debug|Any CPU.Build.0 = Debug|Any CPU
		{A66D1204-1E63-411C-B865-66A64FE67825}.Release|Any CPU.ActiveCfg = Release|Any CPU
		{A66D1204-1E63-411C-B865-66A64FE67825}.Release|Any CPU.Build.0 = Release|Any CPU
		{F8E782D5-EE9A-49FB-9E72-4548133DF989}.Debug|Any CPU.ActiveCfg = Debug|Any CPU
		{F8E782D5-EE9A-49FB-9E72-4548133DF989}.Debug|Any CPU.Build.0 = Debug|Any CPU
		{F8E782D5-EE9A-49FB-9E72-4548133DF989}.Release|Any CPU.ActiveCfg = Release|Any CPU
		{F8E782D5-EE9A-49FB-9E72-4548133DF989}.Release|Any CPU.Build.0 = Release|Any CPU
	EndGlobalSection
EndGlobal
