
Microsoft Visual Studio Solution File, Format Version 12.00
Project("{2150E333-8FDC-42A3-9474-1A3956D46DE8}") = "Services", "Services", "{F4142CA2-B8DA-401B-97DA-A7278B346CF9}"
EndProject
Project("{2150E333-8FDC-42A3-9474-1A3956D46DE8}") = "CustomerService", "CustomerService", "{8E989027-868B-49E2-99C6-C986965B53D4}"
EndProject
Project("{FAE04EC0-301F-11D3-BF4B-00C04F79EFBC}") = "Customer.API", "Customer.API\Customer.API.csproj", "{9769E73D-5DFC-4380-858B-7EF1BB897928}"
EndProject
Global
	GlobalSection(SolutionConfigurationPlatforms) = preSolution
		Debug|Any CPU = Debug|Any CPU
		Release|Any CPU = Release|Any CPU
	EndGlobalSection
	GlobalSection(NestedProjects) = preSolution
		{8E989027-868B-49E2-99C6-C986965B53D4} = {F4142CA2-B8DA-401B-97DA-A7278B346CF9}
		{9769E73D-5DFC-4380-858B-7EF1BB897928} = {8E989027-868B-49E2-99C6-C986965B53D4}
	EndGlobalSection
	GlobalSection(ProjectConfigurationPlatforms) = postSolution
		{9769E73D-5DFC-4380-858B-7EF1BB897928}.Debug|Any CPU.ActiveCfg = Debug|Any CPU
		{9769E73D-5DFC-4380-858B-7EF1BB897928}.Debug|Any CPU.Build.0 = Debug|Any CPU
		{9769E73D-5DFC-4380-858B-7EF1BB897928}.Release|Any CPU.ActiveCfg = Release|Any CPU
		{9769E73D-5DFC-4380-858B-7EF1BB897928}.Release|Any CPU.Build.0 = Release|Any CPU
	EndGlobalSection
EndGlobal
